
Microsoft Visual Studio Solution File, Format Version 12.00
# Visual Studio Version 16
VisualStudioVersion = 16.0.31911.196
MinimumVisualStudioVersion = 10.0.40219.1
Project("{FAE04EC0-301F-11D3-BF4B-00C04F79EFBC}") = "Specjalistyczne", "Specjalistyczne\Specjalistyczne.csproj", "{58A9484F-CFE6-490E-B61F-66FB9B22472A}"
EndProject
Global
	GlobalSection(SolutionConfigurationPlatforms) = preSolution
		Debug|Any CPU = Debug|Any CPU
		Release|Any CPU = Release|Any CPU
	EndGlobalSection
	GlobalSection(ProjectConfigurationPlatforms) = postSolution
		{58A9484F-CFE6-490E-B61F-66FB9B22472A}.Debug|Any CPU.ActiveCfg = Debug|Any CPU
		{58A9484F-CFE6-490E-B61F-66FB9B22472A}.Debug|Any CPU.Build.0 = Debug|Any CPU
		{58A9484F-CFE6-490E-B61F-66FB9B22472A}.Release|Any CPU.ActiveCfg = Release|Any CPU
		{58A9484F-CFE6-490E-B61F-66FB9B22472A}.Release|Any CPU.Build.0 = Release|Any CPU
	EndGlobalSection
	GlobalSection(SolutionProperties) = preSolution
		HideSolutionNode = FALSE
	EndGlobalSection
	GlobalSection(ExtensibilityGlobals) = postSolution
		SolutionGuid = {51115E5B-4429-40E4-A840-C9F395998A5A}
	EndGlobalSection
EndGlobal
